// !$*UTF8*$!
{
	archiveVersion = 1;
	classes = {
	};
	objectVersion = 55;
	objects = {

/* Begin PBXBuildFile section */
		0829EFB1272D4A9B00B83ACC /* ShoppingMallList.swift in Sources */ = {isa = PBXBuildFile; fileRef = 0829EFB0272D4A9B00B83ACC /* ShoppingMallList.swift */; };
		0829EFB3272D4AB600B83ACC /* ShoppingMallButton.swift in Sources */ = {isa = PBXBuildFile; fileRef = 0829EFB2272D4AB600B83ACC /* ShoppingMallButton.swift */; };
		08901E6F2751196500B9B0CE /* HotelRow.swift in Sources */ = {isa = PBXBuildFile; fileRef = 08901E6E2751196500B9B0CE /* HotelRow.swift */; };
		08901E74275119F900B9B0CE /* hotelsData.json in Resources */ = {isa = PBXBuildFile; fileRef = 08901E73275119F900B9B0CE /* hotelsData.json */; };
		08901E7627511AAC00B9B0CE /* Hotel.swift in Sources */ = {isa = PBXBuildFile; fileRef = 08901E7527511AAC00B9B0CE /* Hotel.swift */; };
		08901E78275129D200B9B0CE /* HotelList.swift in Sources */ = {isa = PBXBuildFile; fileRef = 08901E77275129D200B9B0CE /* HotelList.swift */; };
		089D631D273966BC002CCFB4 /* ShoppingMallDetail.swift in Sources */ = {isa = PBXBuildFile; fileRef = 089D631C273966BC002CCFB4 /* ShoppingMallDetail.swift */; };
		089D632327396A77002CCFB4 /* mallsData.json in Resources */ = {isa = PBXBuildFile; fileRef = 089D632227396A77002CCFB4 /* mallsData.json */; };
		089D632527396E28002CCFB4 /* Mall.swift in Sources */ = {isa = PBXBuildFile; fileRef = 089D632427396E28002CCFB4 /* Mall.swift */; };
		08D9B0C4274C061900347D49 /* RestaurantList.swift in Sources */ = {isa = PBXBuildFile; fileRef = 08D9B0C3274C061900347D49 /* RestaurantList.swift */; };
		08F9B82E2744EEC2009EA2C3 /* RestaurantRow.swift in Sources */ = {isa = PBXBuildFile; fileRef = 08F9B82D2744EEC2009EA2C3 /* RestaurantRow.swift */; };
		08F9B8302744EF36009EA2C3 /* restaurantsData.json in Resources */ = {isa = PBXBuildFile; fileRef = 08F9B82F2744EF36009EA2C3 /* restaurantsData.json */; };
		08F9B8322744EFFD009EA2C3 /* Restaurant.swift in Sources */ = {isa = PBXBuildFile; fileRef = 08F9B8312744EFFD009EA2C3 /* Restaurant.swift */; };
		E91AB9032724738500FD7889 /* WroclawTravelGuideApp.swift in Sources */ = {isa = PBXBuildFile; fileRef = E91AB9022724738500FD7889 /* WroclawTravelGuideApp.swift */; };
		E91AB9072724738800FD7889 /* Assets.xcassets in Resources */ = {isa = PBXBuildFile; fileRef = E91AB9062724738800FD7889 /* Assets.xcassets */; };
		E91AB90A2724738800FD7889 /* Preview Assets.xcassets in Resources */ = {isa = PBXBuildFile; fileRef = E91AB9092724738800FD7889 /* Preview Assets.xcassets */; };
		E91AB911272475E600FD7889 /* HomeView.swift in Sources */ = {isa = PBXBuildFile; fileRef = E91AB910272475E600FD7889 /* HomeView.swift */; };
		E91AB9132724800800FD7889 /* HomeButton.swift in Sources */ = {isa = PBXBuildFile; fileRef = E91AB9122724800700FD7889 /* HomeButton.swift */; };
		E953C0582736DEC700FE1A37 /* Attraction.swift in Sources */ = {isa = PBXBuildFile; fileRef = E953C0572736DEC700FE1A37 /* Attraction.swift */; };
		E953C05A2736E01600FE1A37 /* ModelData.swift in Sources */ = {isa = PBXBuildFile; fileRef = E953C0592736E01600FE1A37 /* ModelData.swift */; };
		E953C05D2736E09200FE1A37 /* attractionsData.json in Resources */ = {isa = PBXBuildFile; fileRef = E953C05C2736E09200FE1A37 /* attractionsData.json */; };
		E953C05F2736F9A500FE1A37 /* AttractionDetail.swift in Sources */ = {isa = PBXBuildFile; fileRef = E953C05E2736F9A500FE1A37 /* AttractionDetail.swift */; };
		E9581919272AC60400275B59 /* WeatherInfo.swift in Sources */ = {isa = PBXBuildFile; fileRef = E9581918272AC60400275B59 /* WeatherInfo.swift */; };
		E98808142760AF3F004673F4 /* Coordinates.swift in Sources */ = {isa = PBXBuildFile; fileRef = E98808132760AF3F004673F4 /* Coordinates.swift */; };
		E99BC6FC272B0507000F1ACC /* AttractionList.swift in Sources */ = {isa = PBXBuildFile; fileRef = E99BC6FB272B0507000F1ACC /* AttractionList.swift */; };
		E99BC6FE272B0528000F1ACC /* AttractionRow.swift in Sources */ = {isa = PBXBuildFile; fileRef = E99BC6FD272B0528000F1ACC /* AttractionRow.swift */; };
		E9E52497275EAF6F00B68DB9 /* RoundedCorner.swift in Sources */ = {isa = PBXBuildFile; fileRef = E9E52496275EAF6F00B68DB9 /* RoundedCorner.swift */; };
		E9E52499275EBC9F00B68DB9 /* LocationManager.swift in Sources */ = {isa = PBXBuildFile; fileRef = E9E52498275EBC9F00B68DB9 /* LocationManager.swift */; };
		E9F805BA275E6D6E00FA9189 /* MapView.swift in Sources */ = {isa = PBXBuildFile; fileRef = E9F805B9275E6D6E00FA9189 /* MapView.swift */; };
		E9F805BD275E7D0500FA9189 /* ButtonStyle.swift in Sources */ = {isa = PBXBuildFile; fileRef = E9F805BC275E7D0500FA9189 /* ButtonStyle.swift */; };
/* End PBXBuildFile section */

/* Begin PBXFileReference section */
		0829EFB0272D4A9B00B83ACC /* ShoppingMallList.swift */ = {isa = PBXFileReference; lastKnownFileType = sourcecode.swift; path = ShoppingMallList.swift; sourceTree = "<group>"; };
		0829EFB2272D4AB600B83ACC /* ShoppingMallButton.swift */ = {isa = PBXFileReference; lastKnownFileType = sourcecode.swift; path = ShoppingMallButton.swift; sourceTree = "<group>"; };
		08901E6E2751196500B9B0CE /* HotelRow.swift */ = {isa = PBXFileReference; lastKnownFileType = sourcecode.swift; path = HotelRow.swift; sourceTree = "<group>"; };
		08901E73275119F900B9B0CE /* hotelsData.json */ = {isa = PBXFileReference; lastKnownFileType = text.json; path = hotelsData.json; sourceTree = "<group>"; };
		08901E7527511AAC00B9B0CE /* Hotel.swift */ = {isa = PBXFileReference; lastKnownFileType = sourcecode.swift; path = Hotel.swift; sourceTree = "<group>"; };
		08901E77275129D200B9B0CE /* HotelList.swift */ = {isa = PBXFileReference; lastKnownFileType = sourcecode.swift; path = HotelList.swift; sourceTree = "<group>"; };
		089D631C273966BC002CCFB4 /* ShoppingMallDetail.swift */ = {isa = PBXFileReference; lastKnownFileType = sourcecode.swift; path = ShoppingMallDetail.swift; sourceTree = "<group>"; };
		089D632227396A77002CCFB4 /* mallsData.json */ = {isa = PBXFileReference; lastKnownFileType = text.json; path = mallsData.json; sourceTree = "<group>"; };
		089D632427396E28002CCFB4 /* Mall.swift */ = {isa = PBXFileReference; lastKnownFileType = sourcecode.swift; path = Mall.swift; sourceTree = "<group>"; };
		08D9B0C3274C061900347D49 /* RestaurantList.swift */ = {isa = PBXFileReference; lastKnownFileType = sourcecode.swift; path = RestaurantList.swift; sourceTree = "<group>"; };
		08F9B82D2744EEC2009EA2C3 /* RestaurantRow.swift */ = {isa = PBXFileReference; lastKnownFileType = sourcecode.swift; path = RestaurantRow.swift; sourceTree = "<group>"; };
		08F9B82F2744EF36009EA2C3 /* restaurantsData.json */ = {isa = PBXFileReference; lastKnownFileType = text.json; path = restaurantsData.json; sourceTree = "<group>"; };
		08F9B8312744EFFD009EA2C3 /* Restaurant.swift */ = {isa = PBXFileReference; lastKnownFileType = sourcecode.swift; path = Restaurant.swift; sourceTree = "<group>"; };
		E91AB8FF2724738500FD7889 /* Wroclaw Travel Guide.app */ = {isa = PBXFileReference; explicitFileType = wrapper.application; includeInIndex = 0; path = "Wroclaw Travel Guide.app"; sourceTree = BUILT_PRODUCTS_DIR; };
		E91AB9022724738500FD7889 /* WroclawTravelGuideApp.swift */ = {isa = PBXFileReference; lastKnownFileType = sourcecode.swift; path = WroclawTravelGuideApp.swift; sourceTree = "<group>"; };
		E91AB9062724738800FD7889 /* Assets.xcassets */ = {isa = PBXFileReference; lastKnownFileType = folder.assetcatalog; name = Assets.xcassets; path = WroclawTravelGuide/Assets.xcassets; sourceTree = SOURCE_ROOT; };
		E91AB9092724738800FD7889 /* Preview Assets.xcassets */ = {isa = PBXFileReference; lastKnownFileType = folder.assetcatalog; path = "Preview Assets.xcassets"; sourceTree = "<group>"; };
		E91AB910272475E600FD7889 /* HomeView.swift */ = {isa = PBXFileReference; lastKnownFileType = sourcecode.swift; path = HomeView.swift; sourceTree = "<group>"; };
		E91AB9122724800700FD7889 /* HomeButton.swift */ = {isa = PBXFileReference; lastKnownFileType = sourcecode.swift; path = HomeButton.swift; sourceTree = "<group>"; };
		E953C0572736DEC700FE1A37 /* Attraction.swift */ = {isa = PBXFileReference; lastKnownFileType = sourcecode.swift; path = Attraction.swift; sourceTree = "<group>"; };
		E953C0592736E01600FE1A37 /* ModelData.swift */ = {isa = PBXFileReference; lastKnownFileType = sourcecode.swift; path = ModelData.swift; sourceTree = "<group>"; };
		E953C05C2736E09200FE1A37 /* attractionsData.json */ = {isa = PBXFileReference; fileEncoding = 4; lastKnownFileType = text.json; path = attractionsData.json; sourceTree = "<group>"; };
		E953C05E2736F9A500FE1A37 /* AttractionDetail.swift */ = {isa = PBXFileReference; lastKnownFileType = sourcecode.swift; path = AttractionDetail.swift; sourceTree = "<group>"; };
		E9581918272AC60400275B59 /* WeatherInfo.swift */ = {isa = PBXFileReference; lastKnownFileType = sourcecode.swift; path = WeatherInfo.swift; sourceTree = "<group>"; };
		E98808132760AF3F004673F4 /* Coordinates.swift */ = {isa = PBXFileReference; lastKnownFileType = sourcecode.swift; path = Coordinates.swift; sourceTree = "<group>"; };
		E99BC6FB272B0507000F1ACC /* AttractionList.swift */ = {isa = PBXFileReference; lastKnownFileType = sourcecode.swift; path = AttractionList.swift; sourceTree = "<group>"; };
		E99BC6FD272B0528000F1ACC /* AttractionRow.swift */ = {isa = PBXFileReference; lastKnownFileType = sourcecode.swift; path = AttractionRow.swift; sourceTree = "<group>"; };
		E9E52496275EAF6F00B68DB9 /* RoundedCorner.swift */ = {isa = PBXFileReference; lastKnownFileType = sourcecode.swift; path = RoundedCorner.swift; sourceTree = "<group>"; };
		E9E52498275EBC9F00B68DB9 /* LocationManager.swift */ = {isa = PBXFileReference; lastKnownFileType = sourcecode.swift; path = LocationManager.swift; sourceTree = "<group>"; };
		E9F805B9275E6D6E00FA9189 /* MapView.swift */ = {isa = PBXFileReference; lastKnownFileType = sourcecode.swift; path = MapView.swift; sourceTree = "<group>"; };
		E9F805BC275E7D0500FA9189 /* ButtonStyle.swift */ = {isa = PBXFileReference; lastKnownFileType = sourcecode.swift; path = ButtonStyle.swift; sourceTree = "<group>"; };
/* End PBXFileReference section */

/* Begin PBXFrameworksBuildPhase section */
		E91AB8FC2724738500FD7889 /* Frameworks */ = {
			isa = PBXFrameworksBuildPhase;
			buildActionMask = 2147483647;
			files = (
			);
			runOnlyForDeploymentPostprocessing = 0;
		};
/* End PBXFrameworksBuildPhase section */

/* Begin PBXGroup section */
		08901E6D2751190F00B9B0CE /* Hotels */ = {
			isa = PBXGroup;
			children = (
				08901E6E2751196500B9B0CE /* HotelRow.swift */,
				08901E77275129D200B9B0CE /* HotelList.swift */,
			);
			path = Hotels;
			sourceTree = "<group>";
		};
		08F9B82A2744EDE1009EA2C3 /* Restaurants */ = {
			isa = PBXGroup;
			children = (
				08F9B82D2744EEC2009EA2C3 /* RestaurantRow.swift */,
				08D9B0C3274C061900347D49 /* RestaurantList.swift */,
			);
			path = Restaurants;
			sourceTree = "<group>";
		};
		E91AB8F62724738500FD7889 = {
			isa = PBXGroup;
			children = (
				E91AB9012724738500FD7889 /* WroclawTravelGuide */,
				E91AB9002724738500FD7889 /* Products */,
			);
			sourceTree = "<group>";
		};
		E91AB9002724738500FD7889 /* Products */ = {
			isa = PBXGroup;
			children = (
				E91AB8FF2724738500FD7889 /* Wroclaw Travel Guide.app */,
			);
			name = Products;
			sourceTree = "<group>";
		};
		E91AB9012724738500FD7889 /* WroclawTravelGuide */ = {
			isa = PBXGroup;
			children = (
				E953C0562736DEBD00FE1A37 /* Model */,
				E91AB9022724738500FD7889 /* WroclawTravelGuideApp.swift */,
				E9581916272AC56000275B59 /* Views */,
				E953C05B2736E03B00FE1A37 /* Resources */,
				E91AB9062724738800FD7889 /* Assets.xcassets */,
				E91AB9082724738800FD7889 /* Preview Content */,
			);
			path = WroclawTravelGuide;
			sourceTree = "<group>";
		};
		E91AB9082724738800FD7889 /* Preview Content */ = {
			isa = PBXGroup;
			children = (
				E91AB9092724738800FD7889 /* Preview Assets.xcassets */,
			);
			path = "Preview Content";
			sourceTree = "<group>";
		};
		E953C0512736D74F00FE1A37 /* Home */ = {
			isa = PBXGroup;
			children = (
				E91AB910272475E600FD7889 /* HomeView.swift */,
				E91AB9122724800700FD7889 /* HomeButton.swift */,
				E9581918272AC60400275B59 /* WeatherInfo.swift */,
			);
			path = Home;
			sourceTree = "<group>";
		};
		E953C0542736D97F00FE1A37 /* Attractions */ = {
			isa = PBXGroup;
			children = (
				E99BC6FB272B0507000F1ACC /* AttractionList.swift */,
				E99BC6FD272B0528000F1ACC /* AttractionRow.swift */,
				E953C05E2736F9A500FE1A37 /* AttractionDetail.swift */,
			);
			path = Attractions;
			sourceTree = "<group>";
		};
		E953C0552736DAFA00FE1A37 /* Shopping malls */ = {
			isa = PBXGroup;
			children = (
				0829EFB0272D4A9B00B83ACC /* ShoppingMallList.swift */,
				0829EFB2272D4AB600B83ACC /* ShoppingMallButton.swift */,
				089D631C273966BC002CCFB4 /* ShoppingMallDetail.swift */,
			);
			path = "Shopping malls";
			sourceTree = "<group>";
		};
		E953C0562736DEBD00FE1A37 /* Model */ = {
			isa = PBXGroup;
			children = (
				E953C0572736DEC700FE1A37 /* Attraction.swift */,
				E953C0592736E01600FE1A37 /* ModelData.swift */,
				089D632427396E28002CCFB4 /* Mall.swift */,
				08F9B8312744EFFD009EA2C3 /* Restaurant.swift */,
				08901E7527511AAC00B9B0CE /* Hotel.swift */,
				E9E52498275EBC9F00B68DB9 /* LocationManager.swift */,
				E98808132760AF3F004673F4 /* Coordinates.swift */,
			);
			path = Model;
			sourceTree = "<group>";
		};
		E953C05B2736E03B00FE1A37 /* Resources */ = {
			isa = PBXGroup;
			children = (
				E953C05C2736E09200FE1A37 /* attractionsData.json */,
				089D632227396A77002CCFB4 /* mallsData.json */,
				08F9B82F2744EF36009EA2C3 /* restaurantsData.json */,
				08901E73275119F900B9B0CE /* hotelsData.json */,
			);
			path = Resources;
			sourceTree = "<group>";
		};
		E9581916272AC56000275B59 /* Views */ = {
			isa = PBXGroup;
			children = (
				E9F805B7275E6D5600FA9189 /* Helpers */,
				08901E6D2751190F00B9B0CE /* Hotels */,
				08F9B82A2744EDE1009EA2C3 /* Restaurants */,
				E953C0552736DAFA00FE1A37 /* Shopping malls */,
				E953C0542736D97F00FE1A37 /* Attractions */,
				E953C0512736D74F00FE1A37 /* Home */,
			);
			path = Views;
			sourceTree = "<group>";
		};
		E9F805B7275E6D5600FA9189 /* Helpers */ = {
			isa = PBXGroup;
			children = (
				E9F805B9275E6D6E00FA9189 /* MapView.swift */,
				E9F805BC275E7D0500FA9189 /* ButtonStyle.swift */,
				E9E52496275EAF6F00B68DB9 /* RoundedCorner.swift */,
			);
			path = Helpers;
			sourceTree = "<group>";
		};
/* End PBXGroup section */

/* Begin PBXNativeTarget section */
		E91AB8FE2724738500FD7889 /* WroclawTravelGuide */ = {
			isa = PBXNativeTarget;
			buildConfigurationList = E91AB90D2724738800FD7889 /* Build configuration list for PBXNativeTarget "WroclawTravelGuide" */;
			buildPhases = (
				E91AB8FB2724738500FD7889 /* Sources */,
				E91AB8FC2724738500FD7889 /* Frameworks */,
				E91AB8FD2724738500FD7889 /* Resources */,
			);
			buildRules = (
			);
			dependencies = (
			);
			name = WroclawTravelGuide;
			productName = WroclawTravelGuide;
			productReference = E91AB8FF2724738500FD7889 /* Wroclaw Travel Guide.app */;
			productType = "com.apple.product-type.application";
		};
/* End PBXNativeTarget section */

/* Begin PBXProject section */
		E91AB8F72724738500FD7889 /* Project object */ = {
			isa = PBXProject;
			attributes = {
				BuildIndependentTargetsInParallel = 1;
				LastSwiftUpdateCheck = 1300;
				LastUpgradeCheck = 1300;
				TargetAttributes = {
					E91AB8FE2724738500FD7889 = {
						CreatedOnToolsVersion = 13.0;
					};
				};
			};
			buildConfigurationList = E91AB8FA2724738500FD7889 /* Build configuration list for PBXProject "WroclawTravelGuide" */;
			compatibilityVersion = "Xcode 13.0";
			developmentRegion = en;
			hasScannedForEncodings = 0;
			knownRegions = (
				en,
				Base,
			);
			mainGroup = E91AB8F62724738500FD7889;
			productRefGroup = E91AB9002724738500FD7889 /* Products */;
			projectDirPath = "";
			projectRoot = "";
			targets = (
				E91AB8FE2724738500FD7889 /* WroclawTravelGuide */,
			);
		};
/* End PBXProject section */

/* Begin PBXResourcesBuildPhase section */
		E91AB8FD2724738500FD7889 /* Resources */ = {
			isa = PBXResourcesBuildPhase;
			buildActionMask = 2147483647;
			files = (
				08901E74275119F900B9B0CE /* hotelsData.json in Resources */,
				08F9B8302744EF36009EA2C3 /* restaurantsData.json in Resources */,
				E91AB90A2724738800FD7889 /* Preview Assets.xcassets in Resources */,
				089D632327396A77002CCFB4 /* mallsData.json in Resources */,
				E953C05D2736E09200FE1A37 /* attractionsData.json in Resources */,
				E91AB9072724738800FD7889 /* Assets.xcassets in Resources */,
			);
			runOnlyForDeploymentPostprocessing = 0;
		};
/* End PBXResourcesBuildPhase section */

/* Begin PBXSourcesBuildPhase section */
		E91AB8FB2724738500FD7889 /* Sources */ = {
			isa = PBXSourcesBuildPhase;
			buildActionMask = 2147483647;
			files = (
				E91AB9132724800800FD7889 /* HomeButton.swift in Sources */,
				0829EFB3272D4AB600B83ACC /* ShoppingMallButton.swift in Sources */,
				0829EFB1272D4A9B00B83ACC /* ShoppingMallList.swift in Sources */,
				E91AB911272475E600FD7889 /* HomeView.swift in Sources */,
				E953C0582736DEC700FE1A37 /* Attraction.swift in Sources */,
				08F9B8322744EFFD009EA2C3 /* Restaurant.swift in Sources */,
				E9F805BD275E7D0500FA9189 /* ButtonStyle.swift in Sources */,
				E9E52499275EBC9F00B68DB9 /* LocationManager.swift in Sources */,
				08F9B82E2744EEC2009EA2C3 /* RestaurantRow.swift in Sources */,
				E9581919272AC60400275B59 /* WeatherInfo.swift in Sources */,
				08D9B0C4274C061900347D49 /* RestaurantList.swift in Sources */,
				08901E6F2751196500B9B0CE /* HotelRow.swift in Sources */,
				E99BC6FC272B0507000F1ACC /* AttractionList.swift in Sources */,
				E953C05A2736E01600FE1A37 /* ModelData.swift in Sources */,
				08901E7627511AAC00B9B0CE /* Hotel.swift in Sources */,
				E98808142760AF3F004673F4 /* Coordinates.swift in Sources */,
				08901E78275129D200B9B0CE /* HotelList.swift in Sources */,
				089D631D273966BC002CCFB4 /* ShoppingMallDetail.swift in Sources */,
				089D632527396E28002CCFB4 /* Mall.swift in Sources */,
				E953C05F2736F9A500FE1A37 /* AttractionDetail.swift in Sources */,
				E9F805BA275E6D6E00FA9189 /* MapView.swift in Sources */,
				E91AB9032724738500FD7889 /* WroclawTravelGuideApp.swift in Sources */,
				E9E52497275EAF6F00B68DB9 /* RoundedCorner.swift in Sources */,
				E99BC6FE272B0528000F1ACC /* AttractionRow.swift in Sources */,
			);
			runOnlyForDeploymentPostprocessing = 0;
		};
/* End PBXSourcesBuildPhase section */

/* Begin XCBuildConfiguration section */
		E91AB90B2724738800FD7889 /* Debug */ = {
			isa = XCBuildConfiguration;
			buildSettings = {
				ALWAYS_SEARCH_USER_PATHS = NO;
				CLANG_ANALYZER_NONNULL = YES;
				CLANG_ANALYZER_NUMBER_OBJECT_CONVERSION = YES_AGGRESSIVE;
				CLANG_CXX_LANGUAGE_STANDARD = "gnu++17";
				CLANG_CXX_LIBRARY = "libc++";
				CLANG_ENABLE_MODULES = YES;
				CLANG_ENABLE_OBJC_ARC = YES;
				CLANG_ENABLE_OBJC_WEAK = YES;
				CLANG_WARN_BLOCK_CAPTURE_AUTORELEASING = YES;
				CLANG_WARN_BOOL_CONVERSION = YES;
				CLANG_WARN_COMMA = YES;
				CLANG_WARN_CONSTANT_CONVERSION = YES;
				CLANG_WARN_DEPRECATED_OBJC_IMPLEMENTATIONS = YES;
				CLANG_WARN_DIRECT_OBJC_ISA_USAGE = YES_ERROR;
				CLANG_WARN_DOCUMENTATION_COMMENTS = YES;
				CLANG_WARN_EMPTY_BODY = YES;
				CLANG_WARN_ENUM_CONVERSION = YES;
				CLANG_WARN_INFINITE_RECURSION = YES;
				CLANG_WARN_INT_CONVERSION = YES;
				CLANG_WARN_NON_LITERAL_NULL_CONVERSION = YES;
				CLANG_WARN_OBJC_IMPLICIT_RETAIN_SELF = YES;
				CLANG_WARN_OBJC_LITERAL_CONVERSION = YES;
				CLANG_WARN_OBJC_ROOT_CLASS = YES_ERROR;
				CLANG_WARN_QUOTED_INCLUDE_IN_FRAMEWORK_HEADER = YES;
				CLANG_WARN_RANGE_LOOP_ANALYSIS = YES;
				CLANG_WARN_STRICT_PROTOTYPES = YES;
				CLANG_WARN_SUSPICIOUS_MOVE = YES;
				CLANG_WARN_UNGUARDED_AVAILABILITY = YES_AGGRESSIVE;
				CLANG_WARN_UNREACHABLE_CODE = YES;
				CLANG_WARN__DUPLICATE_METHOD_MATCH = YES;
				COPY_PHASE_STRIP = NO;
				DEBUG_INFORMATION_FORMAT = dwarf;
				ENABLE_STRICT_OBJC_MSGSEND = YES;
				ENABLE_TESTABILITY = YES;
				GCC_C_LANGUAGE_STANDARD = gnu11;
				GCC_DYNAMIC_NO_PIC = NO;
				GCC_NO_COMMON_BLOCKS = YES;
				GCC_OPTIMIZATION_LEVEL = 0;
				GCC_PREPROCESSOR_DEFINITIONS = (
					"DEBUG=1",
					"$(inherited)",
				);
				GCC_WARN_64_TO_32_BIT_CONVERSION = YES;
				GCC_WARN_ABOUT_RETURN_TYPE = YES_ERROR;
				GCC_WARN_UNDECLARED_SELECTOR = YES;
				GCC_WARN_UNINITIALIZED_AUTOS = YES_AGGRESSIVE;
				GCC_WARN_UNUSED_FUNCTION = YES;
				GCC_WARN_UNUSED_VARIABLE = YES;
				IPHONEOS_DEPLOYMENT_TARGET = 15.0;
				MTL_ENABLE_DEBUG_INFO = INCLUDE_SOURCE;
				MTL_FAST_MATH = YES;
				ONLY_ACTIVE_ARCH = YES;
				SDKROOT = iphoneos;
				SWIFT_ACTIVE_COMPILATION_CONDITIONS = DEBUG;
				SWIFT_OPTIMIZATION_LEVEL = "-Onone";
			};
			name = Debug;
		};
		E91AB90C2724738800FD7889 /* Release */ = {
			isa = XCBuildConfiguration;
			buildSettings = {
				ALWAYS_SEARCH_USER_PATHS = NO;
				CLANG_ANALYZER_NONNULL = YES;
				CLANG_ANALYZER_NUMBER_OBJECT_CONVERSION = YES_AGGRESSIVE;
				CLANG_CXX_LANGUAGE_STANDARD = "gnu++17";
				CLANG_CXX_LIBRARY = "libc++";
				CLANG_ENABLE_MODULES = YES;
				CLANG_ENABLE_OBJC_ARC = YES;
				CLANG_ENABLE_OBJC_WEAK = YES;
				CLANG_WARN_BLOCK_CAPTURE_AUTORELEASING = YES;
				CLANG_WARN_BOOL_CONVERSION = YES;
				CLANG_WARN_COMMA = YES;
				CLANG_WARN_CONSTANT_CONVERSION = YES;
				CLANG_WARN_DEPRECATED_OBJC_IMPLEMENTATIONS = YES;
				CLANG_WARN_DIRECT_OBJC_ISA_USAGE = YES_ERROR;
				CLANG_WARN_DOCUMENTATION_COMMENTS = YES;
				CLANG_WARN_EMPTY_BODY = YES;
				CLANG_WARN_ENUM_CONVERSION = YES;
				CLANG_WARN_INFINITE_RECURSION = YES;
				CLANG_WARN_INT_CONVERSION = YES;
				CLANG_WARN_NON_LITERAL_NULL_CONVERSION = YES;
				CLANG_WARN_OBJC_IMPLICIT_RETAIN_SELF = YES;
				CLANG_WARN_OBJC_LITERAL_CONVERSION = YES;
				CLANG_WARN_OBJC_ROOT_CLASS = YES_ERROR;
				CLANG_WARN_QUOTED_INCLUDE_IN_FRAMEWORK_HEADER = YES;
				CLANG_WARN_RANGE_LOOP_ANALYSIS = YES;
				CLANG_WARN_STRICT_PROTOTYPES = YES;
				CLANG_WARN_SUSPICIOUS_MOVE = YES;
				CLANG_WARN_UNGUARDED_AVAILABILITY = YES_AGGRESSIVE;
				CLANG_WARN_UNREACHABLE_CODE = YES;
				CLANG_WARN__DUPLICATE_METHOD_MATCH = YES;
				COPY_PHASE_STRIP = NO;
				DEBUG_INFORMATION_FORMAT = "dwarf-with-dsym";
				ENABLE_NS_ASSERTIONS = NO;
				ENABLE_STRICT_OBJC_MSGSEND = YES;
				GCC_C_LANGUAGE_STANDARD = gnu11;
				GCC_NO_COMMON_BLOCKS = YES;
				GCC_WARN_64_TO_32_BIT_CONVERSION = YES;
				GCC_WARN_ABOUT_RETURN_TYPE = YES_ERROR;
				GCC_WARN_UNDECLARED_SELECTOR = YES;
				GCC_WARN_UNINITIALIZED_AUTOS = YES_AGGRESSIVE;
				GCC_WARN_UNUSED_FUNCTION = YES;
				GCC_WARN_UNUSED_VARIABLE = YES;
				IPHONEOS_DEPLOYMENT_TARGET = 15.0;
				MTL_ENABLE_DEBUG_INFO = NO;
				MTL_FAST_MATH = YES;
				SDKROOT = iphoneos;
				SWIFT_COMPILATION_MODE = wholemodule;
				SWIFT_OPTIMIZATION_LEVEL = "-O";
				VALIDATE_PRODUCT = YES;
			};
			name = Release;
		};
		E91AB90E2724738800FD7889 /* Debug */ = {
			isa = XCBuildConfiguration;
			buildSettings = {
				ASSETCATALOG_COMPILER_APPICON_NAME = AppIcon;
				ASSETCATALOG_COMPILER_GLOBAL_ACCENT_COLOR_NAME = AccentColor;
				ASSETCATALOG_COMPILER_INCLUDE_ALL_APPICON_ASSETS = YES;
				CODE_SIGN_STYLE = Automatic;
				CURRENT_PROJECT_VERSION = 1;
				DEVELOPMENT_ASSET_PATHS = "\"WroclawTravelGuide/Preview Content\"";
				DEVELOPMENT_TEAM = R6Y48XL847;
				ENABLE_PREVIEWS = YES;
				GENERATE_INFOPLIST_FILE = YES;
				INFOPLIST_FILE = WroclawTravelGuide/Info.plist;
				INFOPLIST_KEY_NSLocationWhenInUseUsageDescription = "Your location is needed to show distance to attractions and restaurants.";
				INFOPLIST_KEY_UIApplicationSceneManifest_Generation = YES;
				INFOPLIST_KEY_UIApplicationSupportsIndirectInputEvents = YES;
				INFOPLIST_KEY_UILaunchScreen_Generation = YES;
				INFOPLIST_KEY_UISupportedInterfaceOrientations = UIInterfaceOrientationPortrait;
				INFOPLIST_KEY_UISupportedInterfaceOrientations_iPad = "UIInterfaceOrientationPortrait UIInterfaceOrientationPortraitUpsideDown UIInterfaceOrientationLandscapeLeft UIInterfaceOrientationLandscapeRight";
				INFOPLIST_KEY_UISupportedInterfaceOrientations_iPhone = "UIInterfaceOrientationPortrait UIInterfaceOrientationLandscapeLeft UIInterfaceOrientationLandscapeRight";
				IPHONEOS_DEPLOYMENT_TARGET = 14.0;
				LD_RUNPATH_SEARCH_PATHS = (
					"$(inherited)",
					"@executable_path/Frameworks",
				);
				MARKETING_VERSION = 1.0;
				PRODUCT_BUNDLE_IDENTIFIER = "Nazar-Pechevystyi.WroclawTravelGuide";
				PRODUCT_NAME = "Wroclaw Travel Guide";
				SWIFT_EMIT_LOC_STRINGS = YES;
				SWIFT_VERSION = 5.0;
				TARGETED_DEVICE_FAMILY = 1;
			};
			name = Debug;
		};
		E91AB90F2724738800FD7889 /* Release */ = {
			isa = XCBuildConfiguration;
			buildSettings = {
				ASSETCATALOG_COMPILER_APPICON_NAME = AppIcon;
				ASSETCATALOG_COMPILER_GLOBAL_ACCENT_COLOR_NAME = AccentColor;
				ASSETCATALOG_COMPILER_INCLUDE_ALL_APPICON_ASSETS = YES;
				CODE_SIGN_STYLE = Automatic;
				CURRENT_PROJECT_VERSION = 1;
				DEVELOPMENT_ASSET_PATHS = "\"WroclawTravelGuide/Preview Content\"";
				DEVELOPMENT_TEAM = R6Y48XL847;
				ENABLE_PREVIEWS = YES;
				GENERATE_INFOPLIST_FILE = YES;
				INFOPLIST_FILE = WroclawTravelGuide/Info.plist;
				INFOPLIST_KEY_NSLocationWhenInUseUsageDescription = "Your location is needed to show distance to attractions and restaurants.";
				INFOPLIST_KEY_UIApplicationSceneManifest_Generation = YES;
				INFOPLIST_KEY_UIApplicationSupportsIndirectInputEvents = YES;
				INFOPLIST_KEY_UILaunchScreen_Generation = YES;
				INFOPLIST_KEY_UISupportedInterfaceOrientations = UIInterfaceOrientationPortrait;
				INFOPLIST_KEY_UISupportedInterfaceOrientations_iPad = "UIInterfaceOrientationPortrait UIInterfaceOrientationPortraitUpsideDown UIInterfaceOrientationLandscapeLeft UIInterfaceOrientationLandscapeRight";
				INFOPLIST_KEY_UISupportedInterfaceOrientations_iPhone = "UIInterfaceOrientationPortrait UIInterfaceOrientationLandscapeLeft UIInterfaceOrientationLandscapeRight";
				IPHONEOS_DEPLOYMENT_TARGET = 14.0;
				LD_RUNPATH_SEARCH_PATHS = (
					"$(inherited)",
					"@executable_path/Frameworks",
				);
				MARKETING_VERSION = 1.0;
				PRODUCT_BUNDLE_IDENTIFIER = "Nazar-Pechevystyi.WroclawTravelGuide";
				PRODUCT_NAME = "Wroclaw Travel Guide";
				SWIFT_EMIT_LOC_STRINGS = YES;
				SWIFT_VERSION = 5.0;
				TARGETED_DEVICE_FAMILY = 1;
			};
			name = Release;
		};
/* End XCBuildConfiguration section */

/* Begin XCConfigurationList section */
		E91AB8FA2724738500FD7889 /* Build configuration list for PBXProject "WroclawTravelGuide" */ = {
			isa = XCConfigurationList;
			buildConfigurations = (
				E91AB90B2724738800FD7889 /* Debug */,
				E91AB90C2724738800FD7889 /* Release */,
			);
			defaultConfigurationIsVisible = 0;
			defaultConfigurationName = Release;
		};
		E91AB90D2724738800FD7889 /* Build configuration list for PBXNativeTarget "WroclawTravelGuide" */ = {
			isa = XCConfigurationList;
			buildConfigurations = (
				E91AB90E2724738800FD7889 /* Debug */,
				E91AB90F2724738800FD7889 /* Release */,
			);
			defaultConfigurationIsVisible = 0;
			defaultConfigurationName = Release;
		};
/* End XCConfigurationList section */
	};
	rootObject = E91AB8F72724738500FD7889 /* Project object */;
}
